{
  "pins" : [
    {
      "identity" : "swift-hash",
      "kind" : "remoteSourceControl",
      "location" : "https://github.com/tayloraswift/swift-hash",
      "state" : {
        "revision" : "7a3fbb75ec4c88421796faaf0b47f16ffc21b348",
        "version" : "0.6.2"
      }
    },
    {
      "identity" : "swift-png",
      "kind" : "remoteSourceControl",
      "location" : "https://github.com/tayloraswift/swift-png",
      "state" : {
        "revision" : "99c1279148c0843328263b39158bf10ea7ea469e",
        "version" : "4.4.4"
      }
    }
  ],
  "version" : 2
}
