{
  "object": {
    "pins": [
      {
        "package": "swift-png",
        "repositoryURL": "https://github.com/kelvin13/swift-png",
        "state": {
          "branch": null,
          "revision": "075dfb248ae327822635370e9d4f94a5d3fe93b2",
          "version": "4.0.2"
        }
      }
    ]
  },
  "version": 1
}
